// !$*UTF8*$!
{
	archiveVersion = 1;
	classes = {
	};
	objectVersion = 46;
	objects = {

/* Begin PBXBuildFile section */
		86EC786D1D6AF4D900157F6C /* AppDelegate.swift in Sources */ = {isa = PBXBuildFile; fileRef = 86EC786C1D6AF4D900157F6C /* AppDelegate.swift */; };
		86EC786F1D6AF4D900157F6C /* ViewController.swift in Sources */ = {isa = PBXBuildFile; fileRef = 86EC786E1D6AF4D900157F6C /* ViewController.swift */; };
		86EC78721D6AF4D900157F6C /* Main.storyboard in Resources */ = {isa = PBXBuildFile; fileRef = 86EC78701D6AF4D900157F6C /* Main.storyboard */; };
		86EC78741D6AF4D900157F6C /* Assets.xcassets in Resources */ = {isa = PBXBuildFile; fileRef = 86EC78731D6AF4D900157F6C /* Assets.xcassets */; };
		86EC78771D6AF4D900157F6C /* LaunchScreen.storyboard in Resources */ = {isa = PBXBuildFile; fileRef = 86EC78751D6AF4D900157F6C /* LaunchScreen.storyboard */; };
		86EC787F1D6AF4F600157F6C /* VKCheckbox.swift in Sources */ = {isa = PBXBuildFile; fileRef = 86EC787E1D6AF4F600157F6C /* VKCheckbox.swift */; };
		86FEA4741F4438B60003D2DF /* TableViewController.swift in Sources */ = {isa = PBXBuildFile; fileRef = 86FEA4731F4438B60003D2DF /* TableViewController.swift */; };
		86FEA4761F4438C30003D2DF /* TableViewCell.swift in Sources */ = {isa = PBXBuildFile; fileRef = 86FEA4751F4438C30003D2DF /* TableViewCell.swift */; };
/* End PBXBuildFile section */

/* Begin PBXFileReference section */
		86EC78691D6AF4D900157F6C /* VKCheckboxExample.app */ = {isa = PBXFileReference; explicitFileType = wrapper.application; includeInIndex = 0; path = VKCheckboxExample.app; sourceTree = BUILT_PRODUCTS_DIR; };
		86EC786C1D6AF4D900157F6C /* AppDelegate.swift */ = {isa = PBXFileReference; lastKnownFileType = sourcecode.swift; path = AppDelegate.swift; sourceTree = "<group>"; };
		86EC786E1D6AF4D900157F6C /* ViewController.swift */ = {isa = PBXFileReference; lastKnownFileType = sourcecode.swift; path = ViewController.swift; sourceTree = "<group>"; };
		86EC78711D6AF4D900157F6C /* Base */ = {isa = PBXFileReference; lastKnownFileType = file.storyboard; name = Base; path = Base.lproj/Main.storyboard; sourceTree = "<group>"; };
		86EC78731D6AF4D900157F6C /* Assets.xcassets */ = {isa = PBXFileReference; lastKnownFileType = folder.assetcatalog; path = Assets.xcassets; sourceTree = "<group>"; };
		86EC78761D6AF4D900157F6C /* Base */ = {isa = PBXFileReference; lastKnownFileType = file.storyboard; name = Base; path = Base.lproj/LaunchScreen.storyboard; sourceTree = "<group>"; };
		86EC78781D6AF4D900157F6C /* Info.plist */ = {isa = PBXFileReference; lastKnownFileType = text.plist.xml; path = Info.plist; sourceTree = "<group>"; };
		86EC787E1D6AF4F600157F6C /* VKCheckbox.swift */ = {isa = PBXFileReference; fileEncoding = 4; lastKnownFileType = sourcecode.swift; name = VKCheckbox.swift; path = ../../VKCheckbox.swift; sourceTree = "<group>"; };
		86FEA4731F4438B60003D2DF /* TableViewController.swift */ = {isa = PBXFileReference; fileEncoding = 4; lastKnownFileType = sourcecode.swift; path = TableViewController.swift; sourceTree = "<group>"; };
		86FEA4751F4438C30003D2DF /* TableViewCell.swift */ = {isa = PBXFileReference; fileEncoding = 4; lastKnownFileType = sourcecode.swift; path = TableViewCell.swift; sourceTree = "<group>"; };
/* End PBXFileReference section */

/* Begin PBXFrameworksBuildPhase section */
		86EC78661D6AF4D900157F6C /* Frameworks */ = {
			isa = PBXFrameworksBuildPhase;
			buildActionMask = 2147483647;
			files = (
			);
			runOnlyForDeploymentPostprocessing = 0;
		};
/* End PBXFrameworksBuildPhase section */

/* Begin PBXGroup section */
		86EC78601D6AF4D900157F6C = {
			isa = PBXGroup;
			children = (
				86EC786B1D6AF4D900157F6C /* VKCheckboxExample */,
				86EC786A1D6AF4D900157F6C /* Products */,
			);
			sourceTree = "<group>";
		};
		86EC786A1D6AF4D900157F6C /* Products */ = {
			isa = PBXGroup;
			children = (
				86EC78691D6AF4D900157F6C /* VKCheckboxExample.app */,
			);
			name = Products;
			sourceTree = "<group>";
		};
		86EC786B1D6AF4D900157F6C /* VKCheckboxExample */ = {
			isa = PBXGroup;
			children = (
				86EC786C1D6AF4D900157F6C /* AppDelegate.swift */,
				86EC78701D6AF4D900157F6C /* Main.storyboard */,
				86EC78751D6AF4D900157F6C /* LaunchScreen.storyboard */,
				86EC786E1D6AF4D900157F6C /* ViewController.swift */,
				86FEA4731F4438B60003D2DF /* TableViewController.swift */,
				86FEA4751F4438C30003D2DF /* TableViewCell.swift */,
				86EC787E1D6AF4F600157F6C /* VKCheckbox.swift */,
				86EC78731D6AF4D900157F6C /* Assets.xcassets */,
				86EC78781D6AF4D900157F6C /* Info.plist */,
			);
			path = VKCheckboxExample;
			sourceTree = "<group>";
		};
/* End PBXGroup section */

/* Begin PBXNativeTarget section */
		86EC78681D6AF4D900157F6C /* VKCheckboxExample */ = {
			isa = PBXNativeTarget;
			buildConfigurationList = 86EC787B1D6AF4D900157F6C /* Build configuration list for PBXNativeTarget "VKCheckboxExample" */;
			buildPhases = (
				86EC78651D6AF4D900157F6C /* Sources */,
				86EC78661D6AF4D900157F6C /* Frameworks */,
				86EC78671D6AF4D900157F6C /* Resources */,
			);
			buildRules = (
			);
			dependencies = (
			);
			name = VKCheckboxExample;
			productName = VKCheckboxExample;
			productReference = 86EC78691D6AF4D900157F6C /* VKCheckboxExample.app */;
			productType = "com.apple.product-type.application";
		};
/* End PBXNativeTarget section */

/* Begin PBXProject section */
		86EC78611D6AF4D900157F6C /* Project object */ = {
			isa = PBXProject;
			attributes = {
				LastSwiftUpdateCheck = 0730;
				LastUpgradeCheck = 0730;
				ORGANIZATIONNAME = "Vladislav Kovalyov";
				TargetAttributes = {
					86EC78681D6AF4D900157F6C = {
						CreatedOnToolsVersion = 7.3.1;
						DevelopmentTeam = 46LA3M9Q32;
						LastSwiftMigration = 0830;
					};
				};
			};
			buildConfigurationList = 86EC78641D6AF4D900157F6C /* Build configuration list for PBXProject "VKCheckboxExample" */;
			compatibilityVersion = "Xcode 3.2";
			developmentRegion = English;
			hasScannedForEncodings = 0;
			knownRegions = (
				en,
				Base,
			);
			mainGroup = 86EC78601D6AF4D900157F6C;
			productRefGroup = 86EC786A1D6AF4D900157F6C /* Products */;
			projectDirPath = "";
			projectRoot = "";
			targets = (
				86EC78681D6AF4D900157F6C /* VKCheckboxExample */,
			);
		};
/* End PBXProject section */

/* Begin PBXResourcesBuildPhase section */
		86EC78671D6AF4D900157F6C /* Resources */ = {
			isa = PBXResourcesBuildPhase;
			buildActionMask = 2147483647;
			files = (
				86EC78771D6AF4D900157F6C /* LaunchScreen.storyboard in Resources */,
				86EC78741D6AF4D900157F6C /* Assets.xcassets in Resources */,
				86EC78721D6AF4D900157F6C /* Main.storyboard in Resources */,
			);
			runOnlyForDeploymentPostprocessing = 0;
		};
/* End PBXResourcesBuildPhase section */

/* Begin PBXSourcesBuildPhase section */
		86EC78651D6AF4D900157F6C /* Sources */ = {
			isa = PBXSourcesBuildPhase;
			buildActionMask = 2147483647;
			files = (
				86FEA4761F4438C30003D2DF /* TableViewCell.swift in Sources */,
				86EC786F1D6AF4D900157F6C /* ViewController.swift in Sources */,
				86EC787F1D6AF4F600157F6C /* VKCheckbox.swift in Sources */,
				86EC786D1D6AF4D900157F6C /* AppDelegate.swift in Sources */,
				86FEA4741F4438B60003D2DF /* TableViewController.swift in Sources */,
			);
			runOnlyForDeploymentPostprocessing = 0;
		};
/* End PBXSourcesBuildPhase section */

/* Begin PBXVariantGroup section */
		86EC78701D6AF4D900157F6C /* Main.storyboard */ = {
			isa = PBXVariantGroup;
			children = (
				86EC78711D6AF4D900157F6C /* Base */,
			);
			name = Main.storyboard;
			sourceTree = "<group>";
		};
		86EC78751D6AF4D900157F6C /* LaunchScreen.storyboard */ = {
			isa = PBXVariantGroup;
			children = (
				86EC78761D6AF4D900157F6C /* Base */,
			);
			name = LaunchScreen.storyboard;
			sourceTree = "<group>";
		};
/* End PBXVariantGroup section */

/* Begin XCBuildConfiguration section */
		86EC78791D6AF4D900157F6C /* Debug */ = {
			isa = XCBuildConfiguration;
			buildSettings = {
				ALWAYS_SEARCH_USER_PATHS = NO;
				CLANG_ANALYZER_NONNULL = YES;
				CLANG_CXX_LANGUAGE_STANDARD = "gnu++0x";
				CLANG_CXX_LIBRARY = "libc++";
				CLANG_ENABLE_MODULES = YES;
				CLANG_ENABLE_OBJC_ARC = YES;
				CLANG_WARN_BOOL_CONVERSION = YES;
				CLANG_WARN_CONSTANT_CONVERSION = YES;
				CLANG_WARN_DIRECT_OBJC_ISA_USAGE = YES_ERROR;
				CLANG_WARN_EMPTY_BODY = YES;
				CLANG_WARN_ENUM_CONVERSION = YES;
				CLANG_WARN_INT_CONVERSION = YES;
				CLANG_WARN_OBJC_ROOT_CLASS = YES_ERROR;
				CLANG_WARN_UNREACHABLE_CODE = YES;
				CLANG_WARN__DUPLICATE_METHOD_MATCH = YES;
				"CODE_SIGN_IDENTITY[sdk=iphoneos*]" = "iPhone Developer";
				COPY_PHASE_STRIP = NO;
				DEBUG_INFORMATION_FORMAT = dwarf;
				ENABLE_STRICT_OBJC_MSGSEND = YES;
				ENABLE_TESTABILITY = YES;
				GCC_C_LANGUAGE_STANDARD = gnu99;
				GCC_DYNAMIC_NO_PIC = NO;
				GCC_NO_COMMON_BLOCKS = YES;
				GCC_OPTIMIZATION_LEVEL = 0;
				GCC_PREPROCESSOR_DEFINITIONS = (
					"DEBUG=1",
					"$(inherited)",
				);
				GCC_WARN_64_TO_32_BIT_CONVERSION = YES;
				GCC_WARN_ABOUT_RETURN_TYPE = YES_ERROR;
				GCC_WARN_UNDECLARED_SELECTOR = YES;
				GCC_WARN_UNINITIALIZED_AUTOS = YES_AGGRESSIVE;
				GCC_WARN_UNUSED_FUNCTION = YES;
				GCC_WARN_UNUSED_VARIABLE = YES;
				IPHONEOS_DEPLOYMENT_TARGET = 9.3;
				MTL_ENABLE_DEBUG_INFO = YES;
				ONLY_ACTIVE_ARCH = YES;
				SDKROOT = iphoneos;
				SWIFT_OPTIMIZATION_LEVEL = "-Onone";
			};
			name = Debug;
		};
		86EC787A1D6AF4D900157F6C /* Release */ = {
			isa = XCBuildConfiguration;
			buildSettings = {
				ALWAYS_SEARCH_USER_PATHS = NO;
				CLANG_ANALYZER_NONNULL = YES;
				CLANG_CXX_LANGUAGE_STANDARD = "gnu++0x";
				CLANG_CXX_LIBRARY = "libc++";
				CLANG_ENABLE_MODULES = YES;
				CLANG_ENABLE_OBJC_ARC = YES;
				CLANG_WARN_BOOL_CONVERSION = YES;
				CLANG_WARN_CONSTANT_CONVERSION = YES;
				CLANG_WARN_DIRECT_OBJC_ISA_USAGE = YES_ERROR;
				CLANG_WARN_EMPTY_BODY = YES;
				CLANG_WARN_ENUM_CONVERSION = YES;
				CLANG_WARN_INT_CONVERSION = YES;
				CLANG_WARN_OBJC_ROOT_CLASS = YES_ERROR;
				CLANG_WARN_UNREACHABLE_CODE = YES;
				CLANG_WARN__DUPLICATE_METHOD_MATCH = YES;
				"CODE_SIGN_IDENTITY[sdk=iphoneos*]" = "iPhone Developer";
				COPY_PHASE_STRIP = NO;
				DEBUG_INFORMATION_FORMAT = "dwarf-with-dsym";
				ENABLE_NS_ASSERTIONS = NO;
				ENABLE_STRICT_OBJC_MSGSEND = YES;
				GCC_C_LANGUAGE_STANDARD = gnu99;
				GCC_NO_COMMON_BLOCKS = YES;
				GCC_WARN_64_TO_32_BIT_CONVERSION = YES;
				GCC_WARN_ABOUT_RETURN_TYPE = YES_ERROR;
				GCC_WARN_UNDECLARED_SELECTOR = YES;
				GCC_WARN_UNINITIALIZED_AUTOS = YES_AGGRESSIVE;
				GCC_WARN_UNUSED_FUNCTION = YES;
				GCC_WARN_UNUSED_VARIABLE = YES;
				IPHONEOS_DEPLOYMENT_TARGET = 9.3;
				MTL_ENABLE_DEBUG_INFO = NO;
				SDKROOT = iphoneos;
				VALIDATE_PRODUCT = YES;
			};
			name = Release;
		};
		86EC787C1D6AF4D900157F6C /* Debug */ = {
			isa = XCBuildConfiguration;
			buildSettings = {
				ASSETCATALOG_COMPILER_APPICON_NAME = AppIcon;
				DEVELOPMENT_TEAM = 46LA3M9Q32;
				INFOPLIST_FILE = VKCheckboxExample/Info.plist;
				LD_RUNPATH_SEARCH_PATHS = "$(inherited) @executable_path/Frameworks";
				PRODUCT_BUNDLE_IDENTIFIER = com.woopss.VKCheckboxExample;
				PRODUCT_NAME = "$(TARGET_NAME)";
				SWIFT_VERSION = 3.0;
			};
			name = Debug;
		};
		86EC787D1D6AF4D900157F6C /* Release */ = {
			isa = XCBuildConfiguration;
			buildSettings = {
				ASSETCATALOG_COMPILER_APPICON_NAME = AppIcon;
				DEVELOPMENT_TEAM = 46LA3M9Q32;
				INFOPLIST_FILE = VKCheckboxExample/Info.plist;
				LD_RUNPATH_SEARCH_PATHS = "$(inherited) @executable_path/Frameworks";
				PRODUCT_BUNDLE_IDENTIFIER = com.woopss.VKCheckboxExample;
				PRODUCT_NAME = "$(TARGET_NAME)";
				SWIFT_VERSION = 3.0;
			};
			name = Release;
		};
/* End XCBuildConfiguration section */

/* Begin XCConfigurationList section */
		86EC78641D6AF4D900157F6C /* Build configuration list for PBXProject "VKCheckboxExample" */ = {
			isa = XCConfigurationList;
			buildConfigurations = (
				86EC78791D6AF4D900157F6C /* Debug */,
				86EC787A1D6AF4D900157F6C /* Release */,
			);
			defaultConfigurationIsVisible = 0;
			defaultConfigurationName = Release;
		};
		86EC787B1D6AF4D900157F6C /* Build configuration list for PBXNativeTarget "VKCheckboxExample" */ = {
			isa = XCConfigurationList;
			buildConfigurations = (
				86EC787C1D6AF4D900157F6C /* Debug */,
				86EC787D1D6AF4D900157F6C /* Release */,
			);
			defaultConfigurationIsVisible = 0;
			defaultConfigurationName = Release;
		};
/* End XCConfigurationList section */
	};
	rootObject = 86EC78611D6AF4D900157F6C /* Project object */;
}
